
Microsoft Visual Studio Solution File, Format Version 12.00
# Visual Studio Version 16
VisualStudioVersion = 16.0.31613.86
MinimumVisualStudioVersion = 10.0.40219.1
Project("{8BC9CEB8-8B4A-11D0-8D11-00A0C91BC942}") = "9_17", "9_17\9_17.vcxproj", "{D10716C8-DDC4-45E4-807A-347D2ABCC526}"
EndProject
Project("{8BC9CEB8-8B4A-11D0-8D11-00A0C91BC942}") = "9_24", "9_24\9_24.vcxproj", "{D8E570EE-424C-4832-AF9D-4C81DDE8C1DA}"
EndProject
Project("{8BC9CEB8-8B4A-11D0-8D11-00A0C91BC942}") = "10_1", "10_1\10_1.vcxproj", "{B605A543-9256-4FC0-9306-F46A95B04297}"
EndProject
Project("{8BC9CEB8-8B4A-11D0-8D11-00A0C91BC942}") = "10_8", "10_8\10_8.vcxproj", "{7819B289-0581-420B-966E-3406A2D509D0}"
EndProject
Project("{8BC9CEB8-8B4A-11D0-8D11-00A0C91BC942}") = "10_15", "10_15\10_15.vcxproj", "{217A05BE-668B-4196-8EC3-90576311F1E4}"
EndProject
Project("{8BC9CEB8-8B4A-11D0-8D11-00A0C91BC942}") = "10_22", "10_22\10_22.vcxproj", "{7DE7AA15-B0D9-4E03-90ED-17918E318483}"
EndProject
Project("{8BC9CEB8-8B4A-11D0-8D11-00A0C91BC942}") = "10_29", "10_29\10_29.vcxproj", "{77246FFA-2B1D-4B4C-8976-3CB71A1A2AB2}"
EndProject
Project("{8BC9CEB8-8B4A-11D0-8D11-00A0C91BC942}") = "11_19", "11_19\11_19.vcxproj", "{6256828D-43EA-46E5-B08A-0E8950914B0D}"
EndProject
Project("{2150E333-8FDC-42A3-9474-1A3956D46DE8}") = "11_26", "11_26", "{4F72E5BF-BA37-48E8-8910-FA7CA6C4FEBE}"
EndProject
Project("{8BC9CEB8-8B4A-11D0-8D11-00A0C91BC942}") = "Kadai_01", "Kadai_01\Kadai_01.vcxproj", "{902C19E7-8A0F-43F4-8E90-D9FA2B3C0B57}"
EndProject
Project("{8BC9CEB8-8B4A-11D0-8D11-00A0C91BC942}") = "Kadai_02", "Kadai_02\Kadai_02.vcxproj", "{50A67F0A-D3CC-44F4-9457-710579CB3A50}"
EndProject
Project("{8BC9CEB8-8B4A-11D0-8D11-00A0C91BC942}") = "Kadai_03", "Kadai_03\Kadai_03.vcxproj", "{665A79A9-5B45-4A58-8BFE-939915AD6FAD}"
EndProject
Project("{8BC9CEB8-8B4A-11D0-8D11-00A0C91BC942}") = "Kadai_04", "Kadai_04\Kadai_04.vcxproj", "{05964783-BC96-4E27-B332-77FAC4BB19F4}"
EndProject
Project("{8BC9CEB8-8B4A-11D0-8D11-00A0C91BC942}") = "Kadai_05", "Kadai_05\Kadai_05.vcxproj", "{AD2E8EE0-381D-4D64-AF68-83274F8E62ED}"
EndProject
Project("{8BC9CEB8-8B4A-11D0-8D11-00A0C91BC942}") = "FreeBox", "FreeBox\FreeBox.vcxproj", "{C26DCEC9-8577-447A-A5CB-A9C4A7D77BA5}"
EndProject
Global
	GlobalSection(SolutionConfigurationPlatforms) = preSolution
		Debug|x64 = Debug|x64
		Debug|x86 = Debug|x86
		Release|x64 = Release|x64
		Release|x86 = Release|x86
	EndGlobalSection
	GlobalSection(ProjectConfigurationPlatforms) = postSolution
		{D10716C8-DDC4-45E4-807A-347D2ABCC526}.Debug|x64.ActiveCfg = Debug|x64
		{D10716C8-DDC4-45E4-807A-347D2ABCC526}.Debug|x64.Build.0 = Debug|x64
		{D10716C8-DDC4-45E4-807A-347D2ABCC526}.Debug|x86.ActiveCfg = Debug|Win32
		{D10716C8-DDC4-45E4-807A-347D2ABCC526}.Debug|x86.Build.0 = Debug|Win32
		{D10716C8-DDC4-45E4-807A-347D2ABCC526}.Release|x64.ActiveCfg = Release|x64
		{D10716C8-DDC4-45E4-807A-347D2ABCC526}.Release|x64.Build.0 = Release|x64
		{D10716C8-DDC4-45E4-807A-347D2ABCC526}.Release|x86.ActiveCfg = Release|Win32
		{D10716C8-DDC4-45E4-807A-347D2ABCC526}.Release|x86.Build.0 = Release|Win32
		{D8E570EE-424C-4832-AF9D-4C81DDE8C1DA}.Debug|x64.ActiveCfg = Debug|x64
		{D8E570EE-424C-4832-AF9D-4C81DDE8C1DA}.Debug|x64.Build.0 = Debug|x64
		{D8E570EE-424C-4832-AF9D-4C81DDE8C1DA}.Debug|x86.ActiveCfg = Debug|Win32
		{D8E570EE-424C-4832-AF9D-4C81DDE8C1DA}.Debug|x86.Build.0 = Debug|Win32
		{D8E570EE-424C-4832-AF9D-4C81DDE8C1DA}.Release|x64.ActiveCfg = Release|x64
		{D8E570EE-424C-4832-AF9D-4C81DDE8C1DA}.Release|x64.Build.0 = Release|x64
		{D8E570EE-424C-4832-AF9D-4C81DDE8C1DA}.Release|x86.ActiveCfg = Release|Win32
		{D8E570EE-424C-4832-AF9D-4C81DDE8C1DA}.Release|x86.Build.0 = Release|Win32
		{B605A543-9256-4FC0-9306-F46A95B04297}.Debug|x64.ActiveCfg = Debug|x64
		{B605A543-9256-4FC0-9306-F46A95B04297}.Debug|x64.Build.0 = Debug|x64
		{B605A543-9256-4FC0-9306-F46A95B04297}.Debug|x86.ActiveCfg = Debug|Win32
		{B605A543-9256-4FC0-9306-F46A95B04297}.Debug|x86.Build.0 = Debug|Win32
		{B605A543-9256-4FC0-9306-F46A95B04297}.Release|x64.ActiveCfg = Release|x64
		{B605A543-9256-4FC0-9306-F46A95B04297}.Release|x64.Build.0 = Release|x64
		{B605A543-9256-4FC0-9306-F46A95B04297}.Release|x86.ActiveCfg = Release|Win32
		{B605A543-9256-4FC0-9306-F46A95B04297}.Release|x86.Build.0 = Release|Win32
		{7819B289-0581-420B-966E-3406A2D509D0}.Debug|x64.ActiveCfg = Debug|x64
		{7819B289-0581-420B-966E-3406A2D509D0}.Debug|x64.Build.0 = Debug|x64
		{7819B289-0581-420B-966E-3406A2D509D0}.Debug|x86.ActiveCfg = Debug|Win32
		{7819B289-0581-420B-966E-3406A2D509D0}.Debug|x86.Build.0 = Debug|Win32
		{7819B289-0581-420B-966E-3406A2D509D0}.Release|x64.ActiveCfg = Release|x64
		{7819B289-0581-420B-966E-3406A2D509D0}.Release|x64.Build.0 = Release|x64
		{7819B289-0581-420B-966E-3406A2D509D0}.Release|x86.ActiveCfg = Release|Win32
		{7819B289-0581-420B-966E-3406A2D509D0}.Release|x86.Build.0 = Release|Win32
		{217A05BE-668B-4196-8EC3-90576311F1E4}.Debug|x64.ActiveCfg = Debug|x64
		{217A05BE-668B-4196-8EC3-90576311F1E4}.Debug|x64.Build.0 = Debug|x64
		{217A05BE-668B-4196-8EC3-90576311F1E4}.Debug|x86.ActiveCfg = Debug|Win32
		{217A05BE-668B-4196-8EC3-90576311F1E4}.Debug|x86.Build.0 = Debug|Win32
		{217A05BE-668B-4196-8EC3-90576311F1E4}.Release|x64.ActiveCfg = Release|x64
		{217A05BE-668B-4196-8EC3-90576311F1E4}.Release|x64.Build.0 = Release|x64
		{217A05BE-668B-4196-8EC3-90576311F1E4}.Release|x86.ActiveCfg = Release|Win32
		{217A05BE-668B-4196-8EC3-90576311F1E4}.Release|x86.Build.0 = Release|Win32
		{7DE7AA15-B0D9-4E03-90ED-17918E318483}.Debug|x64.ActiveCfg = Debug|x64
		{7DE7AA15-B0D9-4E03-90ED-17918E318483}.Debug|x64.Build.0 = Debug|x64
		{7DE7AA15-B0D9-4E03-90ED-17918E318483}.Debug|x86.ActiveCfg = Debug|Win32
		{7DE7AA15-B0D9-4E03-90ED-17918E318483}.Debug|x86.Build.0 = Debug|Win32
		{7DE7AA15-B0D9-4E03-90ED-17918E318483}.Release|x64.ActiveCfg = Release|x64
		{7DE7AA15-B0D9-4E03-90ED-17918E318483}.Release|x64.Build.0 = Release|x64
		{7DE7AA15-B0D9-4E03-90ED-17918E318483}.Release|x86.ActiveCfg = Release|Win32
		{7DE7AA15-B0D9-4E03-90ED-17918E318483}.Release|x86.Build.0 = Release|Win32
		{77246FFA-2B1D-4B4C-8976-3CB71A1A2AB2}.Debug|x64.ActiveCfg = Debug|x64
		{77246FFA-2B1D-4B4C-8976-3CB71A1A2AB2}.Debug|x64.Build.0 = Debug|x64
		{77246FFA-2B1D-4B4C-8976-3CB71A1A2AB2}.Debug|x86.ActiveCfg = Debug|Win32
		{77246FFA-2B1D-4B4C-8976-3CB71A1A2AB2}.Debug|x86.Build.0 = Debug|Win32
		{77246FFA-2B1D-4B4C-8976-3CB71A1A2AB2}.Release|x64.ActiveCfg = Release|x64
		{77246FFA-2B1D-4B4C-8976-3CB71A1A2AB2}.Release|x64.Build.0 = Release|x64
		{77246FFA-2B1D-4B4C-8976-3CB71A1A2AB2}.Release|x86.ActiveCfg = Release|Win32
		{77246FFA-2B1D-4B4C-8976-3CB71A1A2AB2}.Release|x86.Build.0 = Release|Win32
		{6256828D-43EA-46E5-B08A-0E8950914B0D}.Debug|x64.ActiveCfg = Debug|x64
		{6256828D-43EA-46E5-B08A-0E8950914B0D}.Debug|x64.Build.0 = Debug|x64
		{6256828D-43EA-46E5-B08A-0E8950914B0D}.Debug|x86.ActiveCfg = Debug|Win32
		{6256828D-43EA-46E5-B08A-0E8950914B0D}.Debug|x86.Build.0 = Debug|Win32
		{6256828D-43EA-46E5-B08A-0E8950914B0D}.Release|x64.ActiveCfg = Release|x64
		{6256828D-43EA-46E5-B08A-0E8950914B0D}.Release|x64.Build.0 = Release|x64
		{6256828D-43EA-46E5-B08A-0E8950914B0D}.Release|x86.ActiveCfg = Release|Win32
		{6256828D-43EA-46E5-B08A-0E8950914B0D}.Release|x86.Build.0 = Release|Win32
		{902C19E7-8A0F-43F4-8E90-D9FA2B3C0B57}.Debug|x64.ActiveCfg = Debug|x64
		{902C19E7-8A0F-43F4-8E90-D9FA2B3C0B57}.Debug|x64.Build.0 = Debug|x64
		{902C19E7-8A0F-43F4-8E90-D9FA2B3C0B57}.Debug|x86.ActiveCfg = Debug|Win32
		{902C19E7-8A0F-43F4-8E90-D9FA2B3C0B57}.Debug|x86.Build.0 = Debug|Win32
		{902C19E7-8A0F-43F4-8E90-D9FA2B3C0B57}.Release|x64.ActiveCfg = Release|x64
		{902C19E7-8A0F-43F4-8E90-D9FA2B3C0B57}.Release|x64.Build.0 = Release|x64
		{902C19E7-8A0F-43F4-8E90-D9FA2B3C0B57}.Release|x86.ActiveCfg = Release|Win32
		{902C19E7-8A0F-43F4-8E90-D9FA2B3C0B57}.Release|x86.Build.0 = Release|Win32
		{50A67F0A-D3CC-44F4-9457-710579CB3A50}.Debug|x64.ActiveCfg = Debug|x64
		{50A67F0A-D3CC-44F4-9457-710579CB3A50}.Debug|x64.Build.0 = Debug|x64
		{50A67F0A-D3CC-44F4-9457-710579CB3A50}.Debug|x86.ActiveCfg = Debug|Win32
		{50A67F0A-D3CC-44F4-9457-710579CB3A50}.Debug|x86.Build.0 = Debug|Win32
		{50A67F0A-D3CC-44F4-9457-710579CB3A50}.Release|x64.ActiveCfg = Release|x64
		{50A67F0A-D3CC-44F4-9457-710579CB3A50}.Release|x64.Build.0 = Release|x64
		{50A67F0A-D3CC-44F4-9457-710579CB3A50}.Release|x86.ActiveCfg = Release|Win32
		{50A67F0A-D3CC-44F4-9457-710579CB3A50}.Release|x86.Build.0 = Release|Win32
		{665A79A9-5B45-4A58-8BFE-939915AD6FAD}.Debug|x64.ActiveCfg = Debug|x64
		{665A79A9-5B45-4A58-8BFE-939915AD6FAD}.Debug|x64.Build.0 = Debug|x64
		{665A79A9-5B45-4A58-8BFE-939915AD6FAD}.Debug|x86.ActiveCfg = Debug|Win32
		{665A79A9-5B45-4A58-8BFE-939915AD6FAD}.Debug|x86.Build.0 = Debug|Win32
		{665A79A9-5B45-4A58-8BFE-939915AD6FAD}.Release|x64.ActiveCfg = Release|x64
		{665A79A9-5B45-4A58-8BFE-939915AD6FAD}.Release|x64.Build.0 = Release|x64
		{665A79A9-5B45-4A58-8BFE-939915AD6FAD}.Release|x86.ActiveCfg = Release|Win32
		{665A79A9-5B45-4A58-8BFE-939915AD6FAD}.Release|x86.Build.0 = Release|Win32
		{05964783-BC96-4E27-B332-77FAC4BB19F4}.Debug|x64.ActiveCfg = Debug|x64
		{05964783-BC96-4E27-B332-77FAC4BB19F4}.Debug|x64.Build.0 = Debug|x64
		{05964783-BC96-4E27-B332-77FAC4BB19F4}.Debug|x86.ActiveCfg = Debug|Win32
		{05964783-BC96-4E27-B332-77FAC4BB19F4}.Debug|x86.Build.0 = Debug|Win32
		{05964783-BC96-4E27-B332-77FAC4BB19F4}.Release|x64.ActiveCfg = Release|x64
		{05964783-BC96-4E27-B332-77FAC4BB19F4}.Release|x64.Build.0 = Release|x64
		{05964783-BC96-4E27-B332-77FAC4BB19F4}.Release|x86.ActiveCfg = Release|Win32
		{05964783-BC96-4E27-B332-77FAC4BB19F4}.Release|x86.Build.0 = Release|Win32
		{AD2E8EE0-381D-4D64-AF68-83274F8E62ED}.Debug|x64.ActiveCfg = Debug|x64
		{AD2E8EE0-381D-4D64-AF68-83274F8E62ED}.Debug|x64.Build.0 = Debug|x64
		{AD2E8EE0-381D-4D64-AF68-83274F8E62ED}.Debug|x86.ActiveCfg = Debug|Win32
		{AD2E8EE0-381D-4D64-AF68-83274F8E62ED}.Debug|x86.Build.0 = Debug|Win32
		{AD2E8EE0-381D-4D64-AF68-83274F8E62ED}.Release|x64.ActiveCfg = Release|x64
		{AD2E8EE0-381D-4D64-AF68-83274F8E62ED}.Release|x64.Build.0 = Release|x64
		{AD2E8EE0-381D-4D64-AF68-83274F8E62ED}.Release|x86.ActiveCfg = Release|Win32
		{AD2E8EE0-381D-4D64-AF68-83274F8E62ED}.Release|x86.Build.0 = Release|Win32
		{C26DCEC9-8577-447A-A5CB-A9C4A7D77BA5}.Debug|x64.ActiveCfg = Debug|x64
		{C26DCEC9-8577-447A-A5CB-A9C4A7D77BA5}.Debug|x64.Build.0 = Debug|x64
		{C26DCEC9-8577-447A-A5CB-A9C4A7D77BA5}.Debug|x86.ActiveCfg = Debug|Win32
		{C26DCEC9-8577-447A-A5CB-A9C4A7D77BA5}.Debug|x86.Build.0 = Debug|Win32
		{C26DCEC9-8577-447A-A5CB-A9C4A7D77BA5}.Release|x64.ActiveCfg = Release|x64
		{C26DCEC9-8577-447A-A5CB-A9C4A7D77BA5}.Release|x64.Build.0 = Release|x64
		{C26DCEC9-8577-447A-A5CB-A9C4A7D77BA5}.Release|x86.ActiveCfg = Release|Win32
		{C26DCEC9-8577-447A-A5CB-A9C4A7D77BA5}.Release|x86.Build.0 = Release|Win32
	EndGlobalSection
	GlobalSection(SolutionProperties) = preSolution
		HideSolutionNode = FALSE
	EndGlobalSection
	GlobalSection(NestedProjects) = preSolution
		{902C19E7-8A0F-43F4-8E90-D9FA2B3C0B57} = {4F72E5BF-BA37-48E8-8910-FA7CA6C4FEBE}
		{50A67F0A-D3CC-44F4-9457-710579CB3A50} = {4F72E5BF-BA37-48E8-8910-FA7CA6C4FEBE}
		{665A79A9-5B45-4A58-8BFE-939915AD6FAD} = {4F72E5BF-BA37-48E8-8910-FA7CA6C4FEBE}
		{05964783-BC96-4E27-B332-77FAC4BB19F4} = {4F72E5BF-BA37-48E8-8910-FA7CA6C4FEBE}
		{AD2E8EE0-381D-4D64-AF68-83274F8E62ED} = {4F72E5BF-BA37-48E8-8910-FA7CA6C4FEBE}
		{C26DCEC9-8577-447A-A5CB-A9C4A7D77BA5} = {4F72E5BF-BA37-48E8-8910-FA7CA6C4FEBE}
	EndGlobalSection
	GlobalSection(ExtensibilityGlobals) = postSolution
		SolutionGuid = {2F715677-19F2-48B5-953E-DBCC72B69284}
	EndGlobalSection
EndGlobal
